hash: 19d59b26ea954fd8bfd6ef12e4b77919685ec5bbed0a3d35c487608d727d5671
updated: 2016-08-25T20:04:41.228256832+02:00
imports:
- name: github.com/bborbe/flagenv
  version: 0977949b20c82a7cad254644637f29c72205d61d
- name: github.com/bborbe/http
  version: 1a08a16fd2cc75228b32afadd7126f7372cb4780
  subpackages:
  - header
  - requestbuilder
  - mock
- name: github.com/bborbe/http_handler
  version: 88aeecad6b6b07bc2ec369c4e147b7081310c726
  subpackages:
  - adapter
  - check
  - error
  - filter
  - not_found
  - debug
- name: github.com/bborbe/io
  version: a92503d8d6377ff0e8b24ad2007cc83546a50817
  subpackages:
  - buffered_writer
  - reader_nop_close
  - writer_nop_close
- name: github.com/bborbe/ledis
  version: 7758bf2dabfd1d14b1224b68b8d394e4e41adfb6
  subpackages:
  - mock
- name: github.com/bborbe/log
  version: 0250bb5b2e2bd833cb9a47333c28aa46751cdbfe
- name: github.com/bborbe/password
  version: 800e8fbf423dd6daa123e4df0fc253306ded2d26
  subpackages:
  - generator
- name: github.com/facebookgo/clock
  version: 600d898af40aa09a7a93ecb9265d87b0504b6f03
- name: github.com/facebookgo/grace
  version: 053ab5d25436faedf3fe76fbf3da797c8c27c659
  subpackages:
  - gracehttp
  - gracenet
- name: github.com/facebookgo/httpdown
  version: a3b1354551a26449fbe05f5d855937f6e7acbd71
- name: github.com/facebookgo/stats
  version: 1b76add642e42c6ffba7211ad7b3939ce654526e
- name: github.com/gorilla/context
  version: 08b5f424b9271eedf6f9f0ce86cb9396ed337a42
- name: github.com/gorilla/mux
  version: 34bf6dc9faa08144e925df4fa1838551b16d6c2a
- name: github.com/siddontang/goredis
  version: 760763f78400635ed7b9b115511b8ed06035e908
testImports:
- name: github.com/bborbe/assert
  version: f767bd2fffab5a86d5a887e2415d399e8aade8bf
