hash: 19d59b26ea954fd8bfd6ef12e4b77919685ec5bbed0a3d35c487608d727d5671
updated: 2016-07-28T16:50:40.474585043+02:00
imports:
- name: github.com/bborbe/flagenv
  version: a711a961081a928e1a3bfe2a047d59a69fa6b506
- name: github.com/bborbe/http
  version: 34e4298cd85477cdb5e89efd3b143a2e4f5c9959
  subpackages:
  - header
  - requestbuilder
  - mock
- name: github.com/bborbe/http_handler
  version: 9157ff259dd5b969462691e14184e2fb71ba8512
  subpackages:
  - adapter
  - check
  - error
  - filter
  - not_found
  - debug
- name: github.com/bborbe/io
  version: 56d91e8345e4418981a56bc4b8466b4096138f08
  subpackages:
  - buffered_writer
  - writer_nop_close
- name: github.com/bborbe/ledis
  version: e06b0dce4d30f5fe0676571dc20fbde635468f3d
  subpackages:
  - mock
- name: github.com/bborbe/log
  version: c4d96aa2d0cc39cbc38a942d6f11046381bf2a46
- name: github.com/bborbe/password
  version: 6443b9f22591f87bb784084b43348cf4e3b45d78
  subpackages:
  - generator
- name: github.com/facebookgo/clock
  version: 600d898af40aa09a7a93ecb9265d87b0504b6f03
- name: github.com/facebookgo/grace
  version: 053ab5d25436faedf3fe76fbf3da797c8c27c659
  subpackages:
  - gracehttp
  - gracenet
- name: github.com/facebookgo/httpdown
  version: a3b1354551a26449fbe05f5d855937f6e7acbd71
- name: github.com/facebookgo/stats
  version: 1b76add642e42c6ffba7211ad7b3939ce654526e
- name: github.com/gorilla/context
  version: aed02d124ae4a0e94fea4541c8effd05bf0c8296
- name: github.com/gorilla/mux
  version: a49d62f618e6dc4a7a7d1f0ad69744a158c21f23
- name: github.com/siddontang/goredis
  version: 760763f78400635ed7b9b115511b8ed06035e908
testImports:
- name: github.com/bborbe/assert
  version: cd6d0ec67c40ced8ca6cf72773b9e4b44420fbd2
