hash: 208e11518e71198c2c12a9af6e8f241536270898dee327b548c9310aa942322c
updated: 2016-10-05T13:33:53.778637205+02:00
imports:
- name: github.com/bborbe/flagenv
  version: 96aab95bb1341e7a7ccf9160e49792e2ad3b0e08
- name: github.com/bborbe/http
  version: 356ba8175de4264aedb8337322827961b7c3e927
  subpackages:
  - header
  - mock
  - requestbuilder
- name: github.com/bborbe/http_handler
  version: d93b87c7bc033a90a3893aae44e0925092c984f1
  subpackages:
  - adapter
  - check
  - debug
  - error
  - filter
  - not_found
- name: github.com/bborbe/ledis
  version: b510d0554dcff86441a1d7fb16f52ad60b434f13
  subpackages:
  - mock
- name: github.com/bborbe/password
  version: 06dc0e1a989ebd79f383f5d05b8fc067c9b5d50f
  subpackages:
  - generator
- name: github.com/facebookgo/clock
  version: 600d898af40aa09a7a93ecb9265d87b0504b6f03
- name: github.com/facebookgo/grace
  version: 5729e484473f52048578af1b80d0008c7024089b
  subpackages:
  - gracehttp
  - gracenet
- name: github.com/facebookgo/httpdown
  version: a3b1354551a26449fbe05f5d855937f6e7acbd71
- name: github.com/facebookgo/stats
  version: 1b76add642e42c6ffba7211ad7b3939ce654526e
- name: github.com/golang/glog
  version: 23def4e6c14b4da8ac2ed8007337bc5eb5007998
- name: github.com/gorilla/context
  version: 08b5f424b9271eedf6f9f0ce86cb9396ed337a42
- name: github.com/gorilla/mux
  version: 757bef944d0f21880861c2dd9c871ca543023cba
- name: github.com/siddontang/goredis
  version: 760763f78400635ed7b9b115511b8ed06035e908
testImports:
- name: github.com/bborbe/assert
  version: d2b3a7c4c731ac8cc63c6f5a1ea7d401e7547d42
- name: github.com/bborbe/io
  version: c2c48bf5bd136037d775f6fabe5caaba93b341b5
  subpackages:
  - reader_nop_close
